Microsoft Visual Studio Solution File, Format Version 12.00
# Visual Studio Version 17
VisualStudioVersion = 17.5.2.0
MinimumVisualStudioVersion = 10.0.40219.1
Project("{FAE04EC0-301F-11D3-BF4B-00C04F79EFBC}") = ".NET-Office-Management-BackEnd", ".NET-Office-Management-BackEnd.csproj", "{1D5173B1-5185-4AF8-7950-D7C72BC44226}"
EndProject
Global
	GlobalSection(SolutionConfigurationPlatforms) = preSolution
		Debug|Any CPU = Debug|Any CPU
		Release|Any CPU = Release|Any CPU
	EndGlobalSection
	GlobalSection(ProjectConfigurationPlatforms) = postSolution
		{1D5173B1-5185-4AF8-7950-D7C72BC44226}.Debug|Any CPU.ActiveCfg = Debug|Any CPU
		{1D5173B1-5185-4AF8-7950-D7C72BC44226}.Debug|Any CPU.Build.0 = Debug|Any CPU
		{1D5173B1-5185-4AF8-7950-D7C72BC44226}.Release|Any CPU.ActiveCfg = Release|Any CPU
		{1D5173B1-5185-4AF8-7950-D7C72BC44226}.Release|Any CPU.Build.0 = Release|Any CPU
	EndGlobalSection
	GlobalSection(SolutionProperties) = preSolution
		HideSolutionNode = FALSE
	EndGlobalSection
	GlobalSection(ExtensibilityGlobals) = postSolution
		SolutionGuid = {861C01AE-EC77-4571-ADEB-9A6041DE9AF1}
	EndGlobalSection
EndGlobal
